
Microsoft Visual Studio Solution File, Format Version 12.00
# Visual Studio 15
VisualStudioVersion = 15.0.27428.1
MinimumVisualStudioVersion = 10.0.40219.1
Project("{2150E333-8FDC-42A3-9474-1A3956D46DE8}") = "00.Common", "00.Common", "{FE55E9E1-F6F5-4AC5-B232-E7D1ACA8F861}"
EndProject
Project("{2150E333-8FDC-42A3-9474-1A3956D46DE8}") = "01.Entity", "01.Entity", "{DF2ECE52-D95A-4C16-9E4B-1E67C7750730}"
EndProject
Project("{2150E333-8FDC-42A3-9474-1A3956D46DE8}") = "02.Proto", "02.Proto", "{07DE2CC6-99EA-4CA1-9F97-A8ACC9495B19}"
EndProject
Project("{2150E333-8FDC-42A3-9474-1A3956D46DE8}") = "04.Message", "04.Message", "{6D42F847-048A-4E84-A2C0-F4B22F9837AD}"
EndProject
Project("{FAE04EC0-301F-11D3-BF4B-00C04F79EFBC}") = "CSTJR.RPC.Message", "CSTJR.RPC.Message\CSTJR.RPC.Message.csproj", "{B2C499E8-1E2E-4372-B797-DC51AE76C8A8}"
EndProject
Project("{FAE04EC0-301F-11D3-BF4B-00C04F79EFBC}") = "CSTJR.RPC.Message.Contracts", "CSTJR.RPC.Message.Contracts\CSTJR.RPC.Message.Contracts.csproj", "{4ED962A4-8B16-4487-825F-5E64261DE0F4}"
EndProject
Project("{FAE04EC0-301F-11D3-BF4B-00C04F79EFBC}") = "CSTJR.RPC.Message.Console", "CSTJR.RPC.Message.Console\CSTJR.RPC.Message.Console.csproj", "{6A571901-F458-4892-9906-9377B8CE8EF7}"
EndProject
Project("{FAE04EC0-301F-11D3-BF4B-00C04F79EFBC}") = "CSTJR.RPC.Tools", "CSTJR.RPC.Tools\CSTJR.RPC.Tools.csproj", "{B6DD482B-DDCE-45B4-8257-132073EACCCC}"
EndProject
Project("{FAE04EC0-301F-11D3-BF4B-00C04F79EFBC}") = "CSTJR.Message.Entity", "D:\projects\JINGLIHNET\branches\v1.1\CSTJREntity\CSTJR.Message.Entity\CSTJR.Message.Entity.csproj", "{4C777E9E-A801-4076-93AD-C41C4AAD79F6}"
EndProject
Project("{FAE04EC0-301F-11D3-BF4B-00C04F79EFBC}") = "CSTJR.Member.Entity", "D:\projects\JINGLIHNET\branches\v1.1\CSTJREntity\CSTJR.Member.Entity\CSTJR.Member.Entity.csproj", "{873ECFBA-4F25-4809-8435-FE0420C446BE}"
EndProject
Project("{FAE04EC0-301F-11D3-BF4B-00C04F79EFBC}") = "CSTJR.Product.Entity", "D:\projects\JINGLIHNET\branches\v1.1\CSTJREntity\CSTJR.Product.Entity\CSTJR.Product.Entity.csproj", "{D3885B2D-71F1-4AEA-8449-68E89FAAB6C1}"
EndProject
Project("{FAE04EC0-301F-11D3-BF4B-00C04F79EFBC}") = "CSTJR.Publish.Entity", "D:\projects\JINGLIHNET\branches\v1.1\CSTJREntity\CSTJR.Publish.Entity\CSTJR.Publish.Entity.csproj", "{6EA77AC3-11E3-4D1D-964A-8CC9772207E5}"
EndProject
Project("{FAE04EC0-301F-11D3-BF4B-00C04F79EFBC}") = "CSTJR.Enum", "D:\projects\JINGLIHNET\branches\v1.1\CSTJREntity\CSTJR.Enum\CSTJR.Enum.csproj", "{2C17DAEB-EEF2-445B-AF9D-4D8B1F055FD1}"
EndProject
Project("{FAE04EC0-301F-11D3-BF4B-00C04F79EFBC}") = "CSTJR.RPC.Message.Client", "CSTJR.RPC.Message.Client\CSTJR.RPC.Message.Client.csproj", "{B787027A-F97E-4484-B38D-5D4B3CD15F9F}"
EndProject
Project("{FAE04EC0-301F-11D3-BF4B-00C04F79EFBC}") = "CSTJR.RPC.Message.WinServer", "CSTJR.RPC.Message.WinServer\CSTJR.RPC.Message.WinServer.csproj", "{EC81CC33-7A22-4F2A-A150-E0470E3FF062}"
EndProject
Global
	GlobalSection(SolutionConfigurationPlatforms) = preSolution
		Debug|Any CPU = Debug|Any CPU
		Release|Any CPU = Release|Any CPU
	EndGlobalSection
	GlobalSection(ProjectConfigurationPlatforms) = postSolution
		{B2C499E8-1E2E-4372-B797-DC51AE76C8A8}.Debug|Any CPU.ActiveCfg = Debug|Any CPU
		{B2C499E8-1E2E-4372-B797-DC51AE76C8A8}.Debug|Any CPU.Build.0 = Debug|Any CPU
		{B2C499E8-1E2E-4372-B797-DC51AE76C8A8}.Release|Any CPU.ActiveCfg = Release|Any CPU
		{B2C499E8-1E2E-4372-B797-DC51AE76C8A8}.Release|Any CPU.Build.0 = Release|Any CPU
		{4ED962A4-8B16-4487-825F-5E64261DE0F4}.Debug|Any CPU.ActiveCfg = Debug|Any CPU
		{4ED962A4-8B16-4487-825F-5E64261DE0F4}.Debug|Any CPU.Build.0 = Debug|Any CPU
		{4ED962A4-8B16-4487-825F-5E64261DE0F4}.Release|Any CPU.ActiveCfg = Release|Any CPU
		{4ED962A4-8B16-4487-825F-5E64261DE0F4}.Release|Any CPU.Build.0 = Release|Any CPU
		{6A571901-F458-4892-9906-9377B8CE8EF7}.Debug|Any CPU.ActiveCfg = Debug|Any CPU
		{6A571901-F458-4892-9906-9377B8CE8EF7}.Debug|Any CPU.Build.0 = Debug|Any CPU
		{6A571901-F458-4892-9906-9377B8CE8EF7}.Release|Any CPU.ActiveCfg = Release|Any CPU
		{6A571901-F458-4892-9906-9377B8CE8EF7}.Release|Any CPU.Build.0 = Release|Any CPU
		{B6DD482B-DDCE-45B4-8257-132073EACCCC}.Debug|Any CPU.ActiveCfg = Debug|Any CPU
		{B6DD482B-DDCE-45B4-8257-132073EACCCC}.Debug|Any CPU.Build.0 = Debug|Any CPU
		{B6DD482B-DDCE-45B4-8257-132073EACCCC}.Release|Any CPU.ActiveCfg = Release|Any CPU
		{B6DD482B-DDCE-45B4-8257-132073EACCCC}.Release|Any CPU.Build.0 = Release|Any CPU
		{4C777E9E-A801-4076-93AD-C41C4AAD79F6}.Debug|Any CPU.ActiveCfg = Debug|Any CPU
		{4C777E9E-A801-4076-93AD-C41C4AAD79F6}.Debug|Any CPU.Build.0 = Debug|Any CPU
		{4C777E9E-A801-4076-93AD-C41C4AAD79F6}.Release|Any CPU.ActiveCfg = Release|Any CPU
		{4C777E9E-A801-4076-93AD-C41C4AAD79F6}.Release|Any CPU.Build.0 = Release|Any CPU
		{873ECFBA-4F25-4809-8435-FE0420C446BE}.Debug|Any CPU.ActiveCfg = Debug|Any CPU
		{873ECFBA-4F25-4809-8435-FE0420C446BE}.Debug|Any CPU.Build.0 = Debug|Any CPU
		{873ECFBA-4F25-4809-8435-FE0420C446BE}.Release|Any CPU.ActiveCfg = Release|Any CPU
		{873ECFBA-4F25-4809-8435-FE0420C446BE}.Release|Any CPU.Build.0 = Release|Any CPU
		{D3885B2D-71F1-4AEA-8449-68E89FAAB6C1}.Debug|Any CPU.ActiveCfg = Debug|Any CPU
		{D3885B2D-71F1-4AEA-8449-68E89FAAB6C1}.Debug|Any CPU.Build.0 = Debug|Any CPU
		{D3885B2D-71F1-4AEA-8449-68E89FAAB6C1}.Release|Any CPU.ActiveCfg = Release|Any CPU
		{D3885B2D-71F1-4AEA-8449-68E89FAAB6C1}.Release|Any CPU.Build.0 = Release|Any CPU
		{6EA77AC3-11E3-4D1D-964A-8CC9772207E5}.Debug|Any CPU.ActiveCfg = Debug|Any CPU
		{6EA77AC3-11E3-4D1D-964A-8CC9772207E5}.Debug|Any CPU.Build.0 = Debug|Any CPU
		{6EA77AC3-11E3-4D1D-964A-8CC9772207E5}.Release|Any CPU.ActiveCfg = Release|Any CPU
		{6EA77AC3-11E3-4D1D-964A-8CC9772207E5}.Release|Any CPU.Build.0 = Release|Any CPU
		{2C17DAEB-EEF2-445B-AF9D-4D8B1F055FD1}.Debug|Any CPU.ActiveCfg = Debug|Any CPU
		{2C17DAEB-EEF2-445B-AF9D-4D8B1F055FD1}.Debug|Any CPU.Build.0 = Debug|Any CPU
		{2C17DAEB-EEF2-445B-AF9D-4D8B1F055FD1}.Release|Any CPU.ActiveCfg = Release|Any CPU
		{2C17DAEB-EEF2-445B-AF9D-4D8B1F055FD1}.Release|Any CPU.Build.0 = Release|Any CPU
		{B787027A-F97E-4484-B38D-5D4B3CD15F9F}.Debug|Any CPU.ActiveCfg = Debug|Any CPU
		{B787027A-F97E-4484-B38D-5D4B3CD15F9F}.Debug|Any CPU.Build.0 = Debug|Any CPU
		{B787027A-F97E-4484-B38D-5D4B3CD15F9F}.Release|Any CPU.ActiveCfg = Release|Any CPU
		{B787027A-F97E-4484-B38D-5D4B3CD15F9F}.Release|Any CPU.Build.0 = Release|Any CPU
		{EC81CC33-7A22-4F2A-A150-E0470E3FF062}.Debug|Any CPU.ActiveCfg = Debug|Any CPU
		{EC81CC33-7A22-4F2A-A150-E0470E3FF062}.Debug|Any CPU.Build.0 = Debug|Any CPU
		{EC81CC33-7A22-4F2A-A150-E0470E3FF062}.Release|Any CPU.ActiveCfg = Release|Any CPU
		{EC81CC33-7A22-4F2A-A150-E0470E3FF062}.Release|Any CPU.Build.0 = Release|Any CPU
	EndGlobalSection
	GlobalSection(SolutionProperties) = preSolution
		HideSolutionNode = FALSE
	EndGlobalSection
	GlobalSection(NestedProjects) = preSolution
		{B2C499E8-1E2E-4372-B797-DC51AE76C8A8} = {6D42F847-048A-4E84-A2C0-F4B22F9837AD}
		{4ED962A4-8B16-4487-825F-5E64261DE0F4} = {6D42F847-048A-4E84-A2C0-F4B22F9837AD}
		{6A571901-F458-4892-9906-9377B8CE8EF7} = {6D42F847-048A-4E84-A2C0-F4B22F9837AD}
		{B6DD482B-DDCE-45B4-8257-132073EACCCC} = {07DE2CC6-99EA-4CA1-9F97-A8ACC9495B19}
		{4C777E9E-A801-4076-93AD-C41C4AAD79F6} = {DF2ECE52-D95A-4C16-9E4B-1E67C7750730}
		{873ECFBA-4F25-4809-8435-FE0420C446BE} = {DF2ECE52-D95A-4C16-9E4B-1E67C7750730}
		{D3885B2D-71F1-4AEA-8449-68E89FAAB6C1} = {DF2ECE52-D95A-4C16-9E4B-1E67C7750730}
		{6EA77AC3-11E3-4D1D-964A-8CC9772207E5} = {DF2ECE52-D95A-4C16-9E4B-1E67C7750730}
		{2C17DAEB-EEF2-445B-AF9D-4D8B1F055FD1} = {DF2ECE52-D95A-4C16-9E4B-1E67C7750730}
		{EC81CC33-7A22-4F2A-A150-E0470E3FF062} = {6D42F847-048A-4E84-A2C0-F4B22F9837AD}
	EndGlobalSection
	GlobalSection(ExtensibilityGlobals) = postSolution
		SolutionGuid = {62CCA8AD-22C3-41F9-B697-4C75B6298266}
	EndGlobalSection
EndGlobal
